lockfileVersion: 5.4

specifiers:
  '@types/geojson': ^7946.0.10
  csv: ^6.3.1

dependencies:
  csv: 6.3.1

devDependencies:
  '@types/geojson': 7946.0.10

packages:

  /@types/geojson/7946.0.10:
    resolution: {integrity: sha512-Nmh0K3iWQJzniTuPRcJn5hxXkfB1T1pgB89SBig5PlJQU5yocazeu4jATJlaA0GYFKWMqDdvYemoSnF2pXgLVA==}
    dev: true

  /csv-generate/4.2.6:
    resolution: {integrity: sha512-VtnYqhWLcsUocA346ewFOk+rrqcoT663j11vXzD2uelXq9WguQ3QzDeVD8ISso7hhVtkDSHcWl9psdemeiEHDA==}
    dev: false

  /csv-parse/5.4.0:
    resolution: {integrity: sha512-JiQosUWiOFgp4hQn0an+SBoV9IKdqzhROM0iiN4LB7UpfJBlsSJlWl9nq4zGgxgMAzHJ6V4t29VAVD+3+2NJAg==}
    dev: false

  /csv-stringify/6.4.0:
    resolution: {integrity: sha512-HQsw0QXiN5fdlO+R8/JzCZnR3Fqp8E87YVnhHlaPtNGJjt6ffbV0LpOkieIb1x6V1+xt878IYq77SpXHWAqKkA==}
    dev: false

  /csv/6.3.1:
    resolution: {integrity: sha512-ZTcWLvr0Ux0IQDz/QzhCToBVIZtF5GDrStMt9I8mRSk0jPnfF9OeYKz0EZTspaAEOK6hf515ag97nKmwoyU8ZA==}
    engines: {node: '>= 0.1.90'}
    dependencies:
      csv-generate: 4.2.6
      csv-parse: 5.4.0
      csv-stringify: 6.4.0
      stream-transform: 3.2.6
    dev: false

  /stream-transform/3.2.6:
    resolution: {integrity: sha512-/pyOvaCQFqYTmrFhmMbnAEVo3SsTx1H39eUVPOtYeAgbEUc+rDo7GoP8LbHJgU83mKtzJe/7Nq/ipaAnUOHgJQ==}
    dev: false
